
Microsoft Visual Studio Solution File, Format Version 12.00
# Visual Studio 2013
VisualStudioVersion = 12.0.30723.0
MinimumVisualStudioVersion = 10.0.40219.1
Project("{2150E333-8FDC-42A3-9474-1A3956D46DE8}") = "Data", "Data", "{69AF40CF-C315-4399-B80C-91EBE37596F5}"
EndProject
Project("{2150E333-8FDC-42A3-9474-1A3956D46DE8}") = "Web", "Web", "{67F7A116-0CF2-4E0B-BABE-F6C474E8DF43}"
EndProject
Project("{2150E333-8FDC-42A3-9474-1A3956D46DE8}") = "Tests", "Tests", "{3EA01F31-9C16-41D3-BDA6-3B904603B7E4}"
EndProject
Project("{FAE04EC0-301F-11D3-BF4B-00C04F79EFBC}") = "SubtitleCommunitySystem.Data", "Data\SubtitleCommunitySystem.Data\SubtitleCommunitySystem.Data.csproj", "{6E35A756-CC4A-4CE6-B8F3-F7A91EFBDB13}"
EndProject
Project("{FAE04EC0-301F-11D3-BF4B-00C04F79EFBC}") = "SubtitleCommunitySystem.Model", "Data\SubtitleCommunitySystem.Model\SubtitleCommunitySystem.Model.csproj", "{DB33B4C7-B029-47D2-8806-7F888B930716}"
EndProject
Project("{FAE04EC0-301F-11D3-BF4B-00C04F79EFBC}") = "SubtitleCommunitySystem.Web", "Web\SubtitleCommunitySystem.Web\SubtitleCommunitySystem.Web.csproj", "{5B42CEAC-849D-4DC3-86CD-D3605584040F}"
EndProject
Project("{FAE04EC0-301F-11D3-BF4B-00C04F79EFBC}") = "SubtitleCommunitySystem.Web.Infrastructure", "SubtitleCommunitySystem.Web.Infrastructure\SubtitleCommunitySystem.Web.Infrastructure.csproj", "{BD501B3C-2CA8-4F0F-BAA4-6F2AD5F32E6B}"
EndProject
Global
	GlobalSection(SolutionConfigurationPlatforms) = preSolution
		Debug|Any CPU = Debug|Any CPU
		Release|Any CPU = Release|Any CPU
	EndGlobalSection
	GlobalSection(ProjectConfigurationPlatforms) = postSolution
		{6E35A756-CC4A-4CE6-B8F3-F7A91EFBDB13}.Debug|Any CPU.ActiveCfg = Debug|Any CPU
		{6E35A756-CC4A-4CE6-B8F3-F7A91EFBDB13}.Debug|Any CPU.Build.0 = Debug|Any CPU
		{6E35A756-CC4A-4CE6-B8F3-F7A91EFBDB13}.Release|Any CPU.ActiveCfg = Release|Any CPU
		{6E35A756-CC4A-4CE6-B8F3-F7A91EFBDB13}.Release|Any CPU.Build.0 = Release|Any CPU
		{DB33B4C7-B029-47D2-8806-7F888B930716}.Debug|Any CPU.ActiveCfg = Debug|Any CPU
		{DB33B4C7-B029-47D2-8806-7F888B930716}.Debug|Any CPU.Build.0 = Debug|Any CPU
		{DB33B4C7-B029-47D2-8806-7F888B930716}.Release|Any CPU.ActiveCfg = Release|Any CPU
		{DB33B4C7-B029-47D2-8806-7F888B930716}.Release|Any CPU.Build.0 = Release|Any CPU
		{5B42CEAC-849D-4DC3-86CD-D3605584040F}.Debug|Any CPU.ActiveCfg = Debug|Any CPU
		{5B42CEAC-849D-4DC3-86CD-D3605584040F}.Debug|Any CPU.Build.0 = Debug|Any CPU
		{5B42CEAC-849D-4DC3-86CD-D3605584040F}.Release|Any CPU.ActiveCfg = Release|Any CPU
		{5B42CEAC-849D-4DC3-86CD-D3605584040F}.Release|Any CPU.Build.0 = Release|Any CPU
		{BD501B3C-2CA8-4F0F-BAA4-6F2AD5F32E6B}.Debug|Any CPU.ActiveCfg = Debug|Any CPU
		{BD501B3C-2CA8-4F0F-BAA4-6F2AD5F32E6B}.Debug|Any CPU.Build.0 = Debug|Any CPU
		{BD501B3C-2CA8-4F0F-BAA4-6F2AD5F32E6B}.Release|Any CPU.ActiveCfg = Release|Any CPU
		{BD501B3C-2CA8-4F0F-BAA4-6F2AD5F32E6B}.Release|Any CPU.Build.0 = Release|Any CPU
	EndGlobalSection
	GlobalSection(SolutionProperties) = preSolution
		HideSolutionNode = FALSE
	EndGlobalSection
	GlobalSection(NestedProjects) = preSolution
		{6E35A756-CC4A-4CE6-B8F3-F7A91EFBDB13} = {69AF40CF-C315-4399-B80C-91EBE37596F5}
		{DB33B4C7-B029-47D2-8806-7F888B930716} = {69AF40CF-C315-4399-B80C-91EBE37596F5}
		{5B42CEAC-849D-4DC3-86CD-D3605584040F} = {67F7A116-0CF2-4E0B-BABE-F6C474E8DF43}
		{BD501B3C-2CA8-4F0F-BAA4-6F2AD5F32E6B} = {67F7A116-0CF2-4E0B-BABE-F6C474E8DF43}
	EndGlobalSection
EndGlobal
